
Microsoft Visual Studio Solution File, Format Version 12.00
# Visual Studio Version 17
VisualStudioVersion = 17.11.35222.181
MinimumVisualStudioVersion = 10.0.40219.1
Project("{FAE04EC0-301F-11D3-BF4B-00C04F79EFBC}") = "DryvetrackTest", "DryvetrackTest.csproj", "{0A879DA5-824D-40D7-BB0B-AA57CC7CF754}"
EndProject
Global
	GlobalSection(SolutionConfigurationPlatforms) = preSolution
		Debug|Any CPU = Debug|Any CPU
		Release|Any CPU = Release|Any CPU
	EndGlobalSection
	GlobalSection(ProjectConfigurationPlatforms) = postSolution
		{0A879DA5-824D-40D7-BB0B-AA57CC7CF754}.Debug|Any CPU.ActiveCfg = Debug|Any CPU
		{0A879DA5-824D-40D7-BB0B-AA57CC7CF754}.Debug|Any CPU.Build.0 = Debug|Any CPU
		{0A879DA5-824D-40D7-BB0B-AA57CC7CF754}.Release|Any CPU.ActiveCfg = Release|Any CPU
		{0A879DA5-824D-40D7-BB0B-AA57CC7CF754}.Release|Any CPU.Build.0 = Release|Any CPU
	EndGlobalSection
	GlobalSection(SolutionProperties) = preSolution
		HideSolutionNode = FALSE
	EndGlobalSection
	GlobalSection(ExtensibilityGlobals) = postSolution
		SolutionGuid = {1ED30423-BDEB-4B9A-87A1-4325A96E3CB7}
	EndGlobalSection
EndGlobal
